
Microsoft Visual Studio Solution File, Format Version 12.00
# Visual Studio Version 17
VisualStudioVersion = 17.1.32210.238
MinimumVisualStudioVersion = 10.0.40219.1
Project("{FAE04EC0-301F-11D3-BF4B-00C04F79EFBC}") = "ASP001", "ASP001\ASP001.csproj", "{D55ABB14-A7AF-4D73-B1D5-385998A917E8}"
EndProject
Global
	GlobalSection(SolutionConfigurationPlatforms) = preSolution
		Debug|Any CPU = Debug|Any CPU
		Release|Any CPU = Release|Any CPU
	EndGlobalSection
	GlobalSection(ProjectConfigurationPlatforms) = postSolution
		{D55ABB14-A7AF-4D73-B1D5-385998A917E8}.Debug|Any CPU.ActiveCfg = Debug|Any CPU
		{D55ABB14-A7AF-4D73-B1D5-385998A917E8}.Debug|Any CPU.Build.0 = Debug|Any CPU
		{D55ABB14-A7AF-4D73-B1D5-385998A917E8}.Release|Any CPU.ActiveCfg = Release|Any CPU
		{D55ABB14-A7AF-4D73-B1D5-385998A917E8}.Release|Any CPU.Build.0 = Release|Any CPU
	EndGlobalSection
	GlobalSection(SolutionProperties) = preSolution
		HideSolutionNode = FALSE
	EndGlobalSection
	GlobalSection(ExtensibilityGlobals) = postSolution
		SolutionGuid = {7491DCEE-1429-455A-B1FE-B0A51EC0796E}
	EndGlobalSection
EndGlobal
